// !$*UTF8*$!
{
	archiveVersion = 1;
	classes = {
	};
	objectVersion = 46;
	objects = {

/* Begin PBXBuildFile section */
		1A1463D91943960800614B7C /* AHUtils.m in Sources */ = {isa = PBXBuildFile; fileRef = 1A1463D81943960800614B7C /* AHUtils.m */; };
		1A1463E51943E1FB00614B7C /* AHCompanyTableViewCell.m in Sources */ = {isa = PBXBuildFile; fileRef = 1A1463E41943E1FB00614B7C /* AHCompanyTableViewCell.m */; };
		1A1463E9194453A600614B7C /* AHColoredBorderedView.m in Sources */ = {isa = PBXBuildFile; fileRef = 1A1463E8194453A600614B7C /* AHColoredBorderedView.m */; };
		1A1463EC194455D200614B7C /* AHColoredPlaceholderTextField.m in Sources */ = {isa = PBXBuildFile; fileRef = 1A1463EB194455D200614B7C /* AHColoredPlaceholderTextField.m */; };
		1A1463EF1944627400614B7C /* AHBorderedColorButton.m in Sources */ = {isa = PBXBuildFile; fileRef = 1A1463EE1944627400614B7C /* AHBorderedColorButton.m */; };
		1A1463FB19447B7900614B7C /* AHEventInviteTableViewCell.m in Sources */ = {isa = PBXBuildFile; fileRef = 1A1463FA19447B7900614B7C /* AHEventInviteTableViewCell.m */; };
		1A1463FE19447B8600614B7C /* AHMyEventTableViewCell.m in Sources */ = {isa = PBXBuildFile; fileRef = 1A1463FD19447B8600614B7C /* AHMyEventTableViewCell.m */; };
		EA8C83F619437261006793C5 /* Foundation.framework in Frameworks */ = {isa = PBXBuildFile; fileRef = EA8C83F519437261006793C5 /* Foundation.framework */; };
		EA8C83F819437261006793C5 /* CoreGraphics.framework in Frameworks */ = {isa = PBXBuildFile; fileRef = EA8C83F719437261006793C5 /* CoreGraphics.framework */; };
		EA8C83FA19437261006793C5 /* UIKit.framework in Frameworks */ = {isa = PBXBuildFile; fileRef = EA8C83F919437261006793C5 /* UIKit.framework */; };
		EA8C840019437261006793C5 /* InfoPlist.strings in Resources */ = {isa = PBXBuildFile; fileRef = EA8C83FE19437261006793C5 /* InfoPlist.strings */; };
		EA8C840219437261006793C5 /* main.m in Sources */ = {isa = PBXBuildFile; fileRef = EA8C840119437261006793C5 /* main.m */; };
		EA8C840619437261006793C5 /* AHAppDelegate.m in Sources */ = {isa = PBXBuildFile; fileRef = EA8C840519437261006793C5 /* AHAppDelegate.m */; };
		EA8C840919437261006793C5 /* Main.storyboard in Resources */ = {isa = PBXBuildFile; fileRef = EA8C840719437261006793C5 /* Main.storyboard */; };
		EA8C840E19437261006793C5 /* Images.xcassets in Resources */ = {isa = PBXBuildFile; fileRef = EA8C840D19437261006793C5 /* Images.xcassets */; };
		EA8C841519437261006793C5 /* XCTest.framework in Frameworks */ = {isa = PBXBuildFile; fileRef = EA8C841419437261006793C5 /* XCTest.framework */; };
		EA8C841619437261006793C5 /* Foundation.framework in Frameworks */ = {isa = PBXBuildFile; fileRef = EA8C83F519437261006793C5 /* Foundation.framework */; };
		EA8C841719437261006793C5 /* UIKit.framework in Frameworks */ = {isa = PBXBuildFile; fileRef = EA8C83F919437261006793C5 /* UIKit.framework */; };
		EA8C841F19437261006793C5 /* InfoPlist.strings in Resources */ = {isa = PBXBuildFile; fileRef = EA8C841D19437261006793C5 /* InfoPlist.strings */; };
		EA8C842119437261006793C5 /* AngelHackTests.m in Sources */ = {isa = PBXBuildFile; fileRef = EA8C842019437261006793C5 /* AngelHackTests.m */; };
		EA8C842E19437438006793C5 /* Parse.framework in Frameworks */ = {isa = PBXBuildFile; fileRef = EA8C842D19437438006793C5 /* Parse.framework */; };
		EA8C843019437449006793C5 /* SystemConfiguration.framework in Frameworks */ = {isa = PBXBuildFile; fileRef = EA8C842F19437449006793C5 /* SystemConfiguration.framework */; };
		EA8C843219437450006793C5 /* StoreKit.framework in Frameworks */ = {isa = PBXBuildFile; fileRef = EA8C843119437450006793C5 /* StoreKit.framework */; };
		EA8C843419437457006793C5 /* Security.framework in Frameworks */ = {isa = PBXBuildFile; fileRef = EA8C843319437457006793C5 /* Security.framework */; };
		EA8C84361943745F006793C5 /* QuartzCore.framework in Frameworks */ = {isa = PBXBuildFile; fileRef = EA8C84351943745F006793C5 /* QuartzCore.framework */; };
		EA8C843819437467006793C5 /* MobileCoreServices.framework in Frameworks */ = {isa = PBXBuildFile; fileRef = EA8C843719437467006793C5 /* MobileCoreServices.framework */; };
		EA8C843A19437470006793C5 /* libz.1.2.5.dylib in Frameworks */ = {isa = PBXBuildFile; fileRef = EA8C843919437470006793C5 /* libz.1.2.5.dylib */; };
		EA8C843C1943747A006793C5 /* CoreLocation.framework in Frameworks */ = {isa = PBXBuildFile; fileRef = EA8C843B1943747A006793C5 /* CoreLocation.framework */; };
		EA8C843E1943748C006793C5 /* CFNetwork.framework in Frameworks */ = {isa = PBXBuildFile; fileRef = EA8C843D1943748C006793C5 /* CFNetwork.framework */; };
		EA8C844019437494006793C5 /* AudioToolbox.framework in Frameworks */ = {isa = PBXBuildFile; fileRef = EA8C843F19437494006793C5 /* AudioToolbox.framework */; };
		EA8C84471943762D006793C5 /* AHUser.m in Sources */ = {isa = PBXBuildFile; fileRef = EA8C84461943762D006793C5 /* AHUser.m */; };
		EA8C844D19437AFD006793C5 /* AHEvent.m in Sources */ = {isa = PBXBuildFile; fileRef = EA8C844C19437AFD006793C5 /* AHEvent.m */; };
		EA8C845419437B12006793C5 /* AHPost.m in Sources */ = {isa = PBXBuildFile; fileRef = EA8C845319437B12006793C5 /* AHPost.m */; };
		EA8C845919437C25006793C5 /* AHLoginViewController.m in Sources */ = {isa = PBXBuildFile; fileRef = EA8C845819437C25006793C5 /* AHLoginViewController.m */; };
		EA8C845C19437C2F006793C5 /* AHSignupViewController.m in Sources */ = {isa = PBXBuildFile; fileRef = EA8C845B19437C2F006793C5 /* AHSignupViewController.m */; };
		EA9828DE19439D2D004510C5 /* AHMyCompaniesViewController.m in Sources */ = {isa = PBXBuildFile; fileRef = EA9828DD19439D2D004510C5 /* AHMyCompaniesViewController.m */; };
		EA9828E219439D55004510C5 /* AHCreateCompanyViewController.m in Sources */ = {isa = PBXBuildFile; fileRef = EA9828E119439D55004510C5 /* AHCreateCompanyViewController.m */; };
		EA9828E519439D67004510C5 /* AHProfileViewController.m in Sources */ = {isa = PBXBuildFile; fileRef = EA9828E419439D67004510C5 /* AHProfileViewController.m */; };
		EA9828E919439D86004510C5 /* AHInviteMemberViewController.m in Sources */ = {isa = PBXBuildFile; fileRef = EA9828E819439D86004510C5 /* AHInviteMemberViewController.m */; };
		EA9828EC19439DD7004510C5 /* AHBadgeListViewController.m in Sources */ = {isa = PBXBuildFile; fileRef = EA9828EB19439DD7004510C5 /* AHBadgeListViewController.m */; };
		EA9828EF19439DE3004510C5 /* AHSingleBadgeViewController.m in Sources */ = {isa = PBXBuildFile; fileRef = EA9828EE19439DE3004510C5 /* AHSingleBadgeViewController.m */; };
		EA9828F219439DF5004510C5 /* AHCoWorkersListViewController.m in Sources */ = {isa = PBXBuildFile; fileRef = EA9828F119439DF5004510C5 /* AHCoWorkersListViewController.m */; };
		EA9828F519439E09004510C5 /* AHSingleCoWorkerViewController.m in Sources */ = {isa = PBXBuildFile; fileRef = EA9828F419439E09004510C5 /* AHSingleCoWorkerViewController.m */; };
		EA9828F819439E47004510C5 /* AHEventInviteViewController.m in Sources */ = {isa = PBXBuildFile; fileRef = EA9828F719439E47004510C5 /* AHEventInviteViewController.m */; };
		EA9828FB19439E78004510C5 /* AHMyEventsViewController.m in Sources */ = {isa = PBXBuildFile; fileRef = EA9828FA19439E78004510C5 /* AHMyEventsViewController.m */; };
		EA9828FE19439F26004510C5 /* AHSingleEventViewController.m in Sources */ = {isa = PBXBuildFile; fileRef = EA9828FD19439F26004510C5 /* AHSingleEventViewController.m */; };
		EA98290119439F2F004510C5 /* AHCreateEventViewController.m in Sources */ = {isa = PBXBuildFile; fileRef = EA98290019439F2F004510C5 /* AHCreateEventViewController.m */; };
		EA9829041943C3BC004510C5 /* AHCreateEmailTableViewCell.m in Sources */ = {isa = PBXBuildFile; fileRef = EA9829031943C3BC004510C5 /* AHCreateEmailTableViewCell.m */; };
		EAFCCF431943EAC200F34D4F /* AHCompany.m in Sources */ = {isa = PBXBuildFile; fileRef = EAFCCF421943EAC200F34D4F /* AHCompany.m */; };
/* End PBXBuildFile section */

/* Begin PBXContainerItemProxy section */
		EA8C841819437261006793C5 /* PBXContainerItemProxy */ = {
			isa = PBXContainerItemProxy;
			containerPortal = EA8C83EA19437261006793C5 /* Project object */;
			proxyType = 1;
			remoteGlobalIDString = EA8C83F119437261006793C5;
			remoteInfo = AngelHack;
		};
/* End PBXContainerItemProxy section */

/* Begin PBXFileReference section */
		1A1463D71943960800614B7C /* AHUtils.h */ = {isa = PBXFileReference; fileEncoding = 4; lastKnownFileType = sourcecode.c.h; path = AHUtils.h; sourceTree = "<group>"; };
		1A1463D81943960800614B7C /* AHUtils.m */ = {isa = PBXFileReference; fileEncoding = 4; lastKnownFileType = sourcecode.c.objc; path = AHUtils.m; sourceTree = "<group>"; };
		1A1463E31943E1FB00614B7C /* AHCompanyTableViewCell.h */ = {isa = PBXFileReference; fileEncoding = 4; lastKnownFileType = sourcecode.c.h; path = AHCompanyTableViewCell.h; sourceTree = "<group>"; };
		1A1463E41943E1FB00614B7C /* AHCompanyTableViewCell.m */ = {isa = PBXFileReference; fileEncoding = 4; lastKnownFileType = sourcecode.c.objc; path = AHCompanyTableViewCell.m; sourceTree = "<group>"; };
		1A1463E7194453A600614B7C /* AHColoredBorderedView.h */ = {isa = PBXFileReference; fileEncoding = 4; lastKnownFileType = sourcecode.c.h; path = AHColoredBorderedView.h; sourceTree = "<group>"; };
		1A1463E8194453A600614B7C /* AHColoredBorderedView.m */ = {isa = PBXFileReference; fileEncoding = 4; lastKnownFileType = sourcecode.c.objc; path = AHColoredBorderedView.m; sourceTree = "<group>"; };
		1A1463EA194455D200614B7C /* AHColoredPlaceholderTextField.h */ = {isa = PBXFileReference; fileEncoding = 4; lastKnownFileType = sourcecode.c.h; path = AHColoredPlaceholderTextField.h; sourceTree = "<group>"; };
		1A1463EB194455D200614B7C /* AHColoredPlaceholderTextField.m */ = {isa = PBXFileReference; fileEncoding = 4; lastKnownFileType = sourcecode.c.objc; path = AHColoredPlaceholderTextField.m; sourceTree = "<group>"; };
		1A1463ED1944627400614B7C /* AHBorderedColorButton.h */ = {isa = PBXFileReference; fileEncoding = 4; lastKnownFileType = sourcecode.c.h; path = AHBorderedColorButton.h; sourceTree = "<group>"; };
		1A1463EE1944627400614B7C /* AHBorderedColorButton.m */ = {isa = PBXFileReference; fileEncoding = 4; lastKnownFileType = sourcecode.c.objc; path = AHBorderedColorButton.m; sourceTree = "<group>"; };
		1A1463F919447B7900614B7C /* AHEventInviteTableViewCell.h */ = {isa = PBXFileReference; fileEncoding = 4; lastKnownFileType = sourcecode.c.h; path = AHEventInviteTableViewCell.h; sourceTree = "<group>"; };
		1A1463FA19447B7900614B7C /* AHEventInviteTableViewCell.m */ = {isa = PBXFileReference; fileEncoding = 4; lastKnownFileType = sourcecode.c.objc; path = AHEventInviteTableViewCell.m; sourceTree = "<group>"; };
		1A1463FC19447B8600614B7C /* AHMyEventTableViewCell.h */ = {isa = PBXFileReference; fileEncoding = 4; lastKnownFileType = sourcecode.c.h; path = AHMyEventTableViewCell.h; sourceTree = "<group>"; };
		1A1463FD19447B8600614B7C /* AHMyEventTableViewCell.m */ = {isa = PBXFileReference; fileEncoding = 4; lastKnownFileType = sourcecode.c.objc; path = AHMyEventTableViewCell.m; sourceTree = "<group>"; };
		EA8C83F219437261006793C5 /* Mingle.app */ = {isa = PBXFileReference; explicitFileType = wrapper.application; includeInIndex = 0; path = Mingle.app; sourceTree = BUILT_PRODUCTS_DIR; };
		EA8C83F519437261006793C5 /* Foundation.framework */ = {isa = PBXFileReference; lastKnownFileType = wrapper.framework; name = Foundation.framework; path = System/Library/Frameworks/Foundation.framework; sourceTree = SDKROOT; };
		EA8C83F719437261006793C5 /* CoreGraphics.framework */ = {isa = PBXFileReference; lastKnownFileType = wrapper.framework; name = CoreGraphics.framework; path = System/Library/Frameworks/CoreGraphics.framework; sourceTree = SDKROOT; };
		EA8C83F919437261006793C5 /* UIKit.framework */ = {isa = PBXFileReference; lastKnownFileType = wrapper.framework; name = UIKit.framework; path = System/Library/Frameworks/UIKit.framework; sourceTree = SDKROOT; };
		EA8C83FD19437261006793C5 /* Mingle-Info.plist */ = {isa = PBXFileReference; lastKnownFileType = text.plist.xml; path = "Mingle-Info.plist"; sourceTree = "<group>"; };
		EA8C83FF19437261006793C5 /* en */ = {isa = PBXFileReference; lastKnownFileType = text.plist.strings; name = en; path = en.lproj/InfoPlist.strings; sourceTree = "<group>"; };
		EA8C840119437261006793C5 /* main.m */ = {isa = PBXFileReference; lastKnownFileType = sourcecode.c.objc; path = main.m; sourceTree = "<group>"; };
		EA8C840319437261006793C5 /* Mingle-Prefix.pch */ = {isa = PBXFileReference; lastKnownFileType = sourcecode.c.h; path = "Mingle-Prefix.pch"; sourceTree = "<group>"; };
		EA8C840419437261006793C5 /* AHAppDelegate.h */ = {isa = PBXFileReference; lastKnownFileType = sourcecode.c.h; path = AHAppDelegate.h; sourceTree = "<group>"; };
		EA8C840519437261006793C5 /* AHAppDelegate.m */ = {isa = PBXFileReference; lastKnownFileType = sourcecode.c.objc; path = AHAppDelegate.m; sourceTree = "<group>"; };
		EA8C840819437261006793C5 /* Base */ = {isa = PBXFileReference; lastKnownFileType = file.storyboard; name = Base; path = Base.lproj/Main.storyboard; sourceTree = "<group>"; };
		EA8C840D19437261006793C5 /* Images.xcassets */ = {isa = PBXFileReference; lastKnownFileType = folder.assetcatalog; path = Images.xcassets; sourceTree = "<group>"; };
		EA8C841319437261006793C5 /* MingleTests.xctest */ = {isa = PBXFileReference; explicitFileType = wrapper.cfbundle; includeInIndex = 0; path = MingleTests.xctest; sourceTree = BUILT_PRODUCTS_DIR; };
		EA8C841419437261006793C5 /* XCTest.framework */ = {isa = PBXFileReference; lastKnownFileType = wrapper.framework; name = XCTest.framework; path = Library/Frameworks/XCTest.framework; sourceTree = DEVELOPER_DIR; };
		EA8C841C19437261006793C5 /* MingleTests-Info.plist */ = {isa = PBXFileReference; lastKnownFileType = text.plist.xml; path = "MingleTests-Info.plist"; sourceTree = "<group>"; };
		EA8C841E19437261006793C5 /* en */ = {isa = PBXFileReference; lastKnownFileType = text.plist.strings; name = en; path = en.lproj/InfoPlist.strings; sourceTree = "<group>"; };
		EA8C842019437261006793C5 /* AngelHackTests.m */ = {isa = PBXFileReference; lastKnownFileType = sourcecode.c.objc; path = AngelHackTests.m; sourceTree = "<group>"; };
		EA8C842D19437438006793C5 /* Parse.framework */ = {isa = PBXFileReference; lastKnownFileType = wrapper.framework; path = Parse.framework; sourceTree = "<group>"; };
		EA8C842F19437449006793C5 /* SystemConfiguration.framework */ = {isa = PBXFileReference; lastKnownFileType = wrapper.framework; name = SystemConfiguration.framework; path = System/Library/Frameworks/SystemConfiguration.framework; sourceTree = SDKROOT; };
		EA8C843119437450006793C5 /* StoreKit.framework */ = {isa = PBXFileReference; lastKnownFileType = wrapper.framework; name = StoreKit.framework; path = System/Library/Frameworks/StoreKit.framework; sourceTree = SDKROOT; };
		EA8C843319437457006793C5 /* Security.framework */ = {isa = PBXFileReference; lastKnownFileType = wrapper.framework; name = Security.framework; path = System/Library/Frameworks/Security.framework; sourceTree = SDKROOT; };
		EA8C84351943745F006793C5 /* QuartzCore.framework */ = {isa = PBXFileReference; lastKnownFileType = wrapper.framework; name = QuartzCore.framework; path = System/Library/Frameworks/QuartzCore.framework; sourceTree = SDKROOT; };
		EA8C843719437467006793C5 /* MobileCoreServices.framework */ = {isa = PBXFileReference; lastKnownFileType = wrapper.framework; name = MobileCoreServices.framework; path = System/Library/Frameworks/MobileCoreServices.framework; sourceTree = SDKROOT; };
		EA8C843919437470006793C5 /* libz.1.2.5.dylib */ = {isa = PBXFileReference; lastKnownFileType = "compiled.mach-o.dylib"; name = libz.1.2.5.dylib; path = usr/lib/libz.1.2.5.dylib; sourceTree = SDKROOT; };
		EA8C843B1943747A006793C5 /* CoreLocation.framework */ = {isa = PBXFileReference; lastKnownFileType = wrapper.framework; name = CoreLocation.framework; path = System/Library/Frameworks/CoreLocation.framework; sourceTree = SDKROOT; };
		EA8C843D1943748C006793C5 /* CFNetwork.framework */ = {isa = PBXFileReference; lastKnownFileType = wrapper.framework; name = CFNetwork.framework; path = System/Library/Frameworks/CFNetwork.framework; sourceTree = SDKROOT; };
		EA8C843F19437494006793C5 /* AudioToolbox.framework */ = {isa = PBXFileReference; lastKnownFileType = wrapper.framework; name = AudioToolbox.framework; path = System/Library/Frameworks/AudioToolbox.framework; sourceTree = SDKROOT; };
		EA8C844119437576006793C5 /* AHModels.h */ = {isa = PBXFileReference; fileEncoding = 4; lastKnownFileType = sourcecode.c.h; path = AHModels.h; sourceTree = "<group>"; };
		EA8C84451943762D006793C5 /* AHUser.h */ = {isa = PBXFileReference; fileEncoding = 4; lastKnownFileType = sourcecode.c.h; path = AHUser.h; sourceTree = "<group>"; };
		EA8C84461943762D006793C5 /* AHUser.m */ = {isa = PBXFileReference; fileEncoding = 4; lastKnownFileType = sourcecode.c.objc; path = AHUser.m; sourceTree = "<group>"; };
		EA8C844B19437AFD006793C5 /* AHEvent.h */ = {isa = PBXFileReference; fileEncoding = 4; lastKnownFileType = sourcecode.c.h; path = AHEvent.h; sourceTree = "<group>"; };
		EA8C844C19437AFD006793C5 /* AHEvent.m */ = {isa = PBXFileReference; fileEncoding = 4; lastKnownFileType = sourcecode.c.objc; path = AHEvent.m; sourceTree = "<group>"; };
		EA8C845219437B12006793C5 /* AHPost.h */ = {isa = PBXFileReference; fileEncoding = 4; lastKnownFileType = sourcecode.c.h; path = AHPost.h; sourceTree = "<group>"; };
		EA8C845319437B12006793C5 /* AHPost.m */ = {isa = PBXFileReference; fileEncoding = 4; lastKnownFileType = sourcecode.c.objc; path = AHPost.m; sourceTree = "<group>"; };
		EA8C845719437C25006793C5 /* AHLoginViewController.h */ = {isa = PBXFileReference; fileEncoding = 4; lastKnownFileType = sourcecode.c.h; path = AHLoginViewController.h; sourceTree = "<group>"; };
		EA8C845819437C25006793C5 /* AHLoginViewController.m */ = {isa = PBXFileReference; fileEncoding = 4; lastKnownFileType = sourcecode.c.objc; path = AHLoginViewController.m; sourceTree = "<group>"; };
		EA8C845A19437C2F006793C5 /* AHSignupViewController.h */ = {isa = PBXFileReference; fileEncoding = 4; lastKnownFileType = sourcecode.c.h; path = AHSignupViewController.h; sourceTree = "<group>"; };
		EA8C845B19437C2F006793C5 /* AHSignupViewController.m */ = {isa = PBXFileReference; fileEncoding = 4; lastKnownFileType = sourcecode.c.objc; path = AHSignupViewController.m; sourceTree = "<group>"; };
		EA9828DC19439D2D004510C5 /* AHMyCompaniesViewController.h */ = {isa = PBXFileReference; fileEncoding = 4; lastKnownFileType = sourcecode.c.h; path = AHMyCompaniesViewController.h; sourceTree = "<group>"; };
		EA9828DD19439D2D004510C5 /* AHMyCompaniesViewController.m */ = {isa = PBXFileReference; fileEncoding = 4; lastKnownFileType = sourcecode.c.objc; path = AHMyCompaniesViewController.m; sourceTree = "<group>"; };
		EA9828E019439D55004510C5 /* AHCreateCompanyViewController.h */ = {isa = PBXFileReference; fileEncoding = 4; lastKnownFileType = sourcecode.c.h; path = AHCreateCompanyViewController.h; sourceTree = "<group>"; };
		EA9828E119439D55004510C5 /* AHCreateCompanyViewController.m */ = {isa = PBXFileReference; fileEncoding = 4; lastKnownFileType = sourcecode.c.objc; path = AHCreateCompanyViewController.m; sourceTree = "<group>"; };
		EA9828E319439D67004510C5 /* AHProfileViewController.h */ = {isa = PBXFileReference; fileEncoding = 4; lastKnownFileType = sourcecode.c.h; path = AHProfileViewController.h; sourceTree = "<group>"; };
		EA9828E419439D67004510C5 /* AHProfileViewController.m */ = {isa = PBXFileReference; fileEncoding = 4; lastKnownFileType = sourcecode.c.objc; path = AHProfileViewController.m; sourceTree = "<group>"; };
		EA9828E719439D86004510C5 /* AHInviteMemberViewController.h */ = {isa = PBXFileReference; fileEncoding = 4; lastKnownFileType = sourcecode.c.h; path = AHInviteMemberViewController.h; sourceTree = "<group>"; };
		EA9828E819439D86004510C5 /* AHInviteMemberViewController.m */ = {isa = PBXFileReference; fileEncoding = 4; lastKnownFileType = sourcecode.c.objc; path = AHInviteMemberViewController.m; sourceTree = "<group>"; };
		EA9828EA19439DD7004510C5 /* AHBadgeListViewController.h */ = {isa = PBXFileReference; fileEncoding = 4; lastKnownFileType = sourcecode.c.h; path = AHBadgeListViewController.h; sourceTree = "<group>"; };
		EA9828EB19439DD7004510C5 /* AHBadgeListViewController.m */ = {isa = PBXFileReference; fileEncoding = 4; lastKnownFileType = sourcecode.c.objc; path = AHBadgeListViewController.m; sourceTree = "<group>"; };
		EA9828ED19439DE3004510C5 /* AHSingleBadgeViewController.h */ = {isa = PBXFileReference; fileEncoding = 4; lastKnownFileType = sourcecode.c.h; path = AHSingleBadgeViewController.h; sourceTree = "<group>"; };
		EA9828EE19439DE3004510C5 /* AHSingleBadgeViewController.m */ = {isa = PBXFileReference; fileEncoding = 4; lastKnownFileType = sourcecode.c.objc; path = AHSingleBadgeViewController.m; sourceTree = "<group>"; };
		EA9828F019439DF5004510C5 /* AHCoWorkersListViewController.h */ = {isa = PBXFileReference; fileEncoding = 4; lastKnownFileType = sourcecode.c.h; path = AHCoWorkersListViewController.h; sourceTree = "<group>"; };
		EA9828F119439DF5004510C5 /* AHCoWorkersListViewController.m */ = {isa = PBXFileReference; fileEncoding = 4; lastKnownFileType = sourcecode.c.objc; path = AHCoWorkersListViewController.m; sourceTree = "<group>"; };
		EA9828F319439E09004510C5 /* AHSingleCoWorkerViewController.h */ = {isa = PBXFileReference; fileEncoding = 4; lastKnownFileType = sourcecode.c.h; path = AHSingleCoWorkerViewController.h; sourceTree = "<group>"; };
		EA9828F419439E09004510C5 /* AHSingleCoWorkerViewController.m */ = {isa = PBXFileReference; fileEncoding = 4; lastKnownFileType = sourcecode.c.objc; path = AHSingleCoWorkerViewController.m; sourceTree = "<group>"; };
		EA9828F619439E47004510C5 /* AHEventInviteViewController.h */ = {isa = PBXFileReference; fileEncoding = 4; lastKnownFileType = sourcecode.c.h; path = AHEventInviteViewController.h; sourceTree = "<group>"; };
		EA9828F719439E47004510C5 /* AHEventInviteViewController.m */ = {isa = PBXFileReference; fileEncoding = 4; lastKnownFileType = sourcecode.c.objc; path = AHEventInviteViewController.m; sourceTree = "<group>"; };
		EA9828F919439E78004510C5 /* AHMyEventsViewController.h */ = {isa = PBXFileReference; fileEncoding = 4; lastKnownFileType = sourcecode.c.h; path = AHMyEventsViewController.h; sourceTree = "<group>"; };
		EA9828FA19439E78004510C5 /* AHMyEventsViewController.m */ = {isa = PBXFileReference; fileEncoding = 4; lastKnownFileType = sourcecode.c.objc; path = AHMyEventsViewController.m; sourceTree = "<group>"; };
		EA9828FC19439F26004510C5 /* AHSingleEventViewController.h */ = {isa = PBXFileReference; fileEncoding = 4; lastKnownFileType = sourcecode.c.h; path = AHSingleEventViewController.h; sourceTree = "<group>"; };
		EA9828FD19439F26004510C5 /* AHSingleEventViewController.m */ = {isa = PBXFileReference; fileEncoding = 4; lastKnownFileType = sourcecode.c.objc; path = AHSingleEventViewController.m; sourceTree = "<group>"; };
		EA9828FF19439F2F004510C5 /* AHCreateEventViewController.h */ = {isa = PBXFileReference; fileEncoding = 4; lastKnownFileType = sourcecode.c.h; path = AHCreateEventViewController.h; sourceTree = "<group>"; };
		EA98290019439F2F004510C5 /* AHCreateEventViewController.m */ = {isa = PBXFileReference; fileEncoding = 4; lastKnownFileType = sourcecode.c.objc; path = AHCreateEventViewController.m; sourceTree = "<group>"; };
		EA9829021943C3BC004510C5 /* AHCreateEmailTableViewCell.h */ = {isa = PBXFileReference; fileEncoding = 4; lastKnownFileType = sourcecode.c.h; path = AHCreateEmailTableViewCell.h; sourceTree = "<group>"; };
		EA9829031943C3BC004510C5 /* AHCreateEmailTableViewCell.m */ = {isa = PBXFileReference; fileEncoding = 4; lastKnownFileType = sourcecode.c.objc; path = AHCreateEmailTableViewCell.m; sourceTree = "<group>"; };
		EAFCCF411943EAC200F34D4F /* AHCompany.h */ = {isa = PBXFileReference; fileEncoding = 4; lastKnownFileType = sourcecode.c.h; path = AHCompany.h; sourceTree = "<group>"; };
		EAFCCF421943EAC200F34D4F /* AHCompany.m */ = {isa = PBXFileReference; fileEncoding = 4; lastKnownFileType = sourcecode.c.objc; path = AHCompany.m; sourceTree = "<group>"; };
/* End PBXFileReference section */

/* Begin PBXFrameworksBuildPhase section */
		EA8C83EF19437261006793C5 /* Frameworks */ = {
			isa = PBXFrameworksBuildPhase;
			buildActionMask = 2147483647;
			files = (
				EA8C83FA19437261006793C5 /* UIKit.framework in Frameworks */,
				EA8C844019437494006793C5 /* AudioToolbox.framework in Frameworks */,
				EA8C843E1943748C006793C5 /* CFNetwork.framework in Frameworks */,
				EA8C83F819437261006793C5 /* CoreGraphics.framework in Frameworks */,
				EA8C843C1943747A006793C5 /* CoreLocation.framework in Frameworks */,
				EA8C843A19437470006793C5 /* libz.1.2.5.dylib in Frameworks */,
				EA8C843819437467006793C5 /* MobileCoreServices.framework in Frameworks */,
				EA8C84361943745F006793C5 /* QuartzCore.framework in Frameworks */,
				EA8C843419437457006793C5 /* Security.framework in Frameworks */,
				EA8C843219437450006793C5 /* StoreKit.framework in Frameworks */,
				EA8C843019437449006793C5 /* SystemConfiguration.framework in Frameworks */,
				EA8C842E19437438006793C5 /* Parse.framework in Frameworks */,
				EA8C83F619437261006793C5 /* Foundation.framework in Frameworks */,
			);
			runOnlyForDeploymentPostprocessing = 0;
		};
		EA8C841019437261006793C5 /* Frameworks */ = {
			isa = PBXFrameworksBuildPhase;
			buildActionMask = 2147483647;
			files = (
				EA8C841519437261006793C5 /* XCTest.framework in Frameworks */,
				EA8C841719437261006793C5 /* UIKit.framework in Frameworks */,
				EA8C841619437261006793C5 /* Foundation.framework in Frameworks */,
			);
			runOnlyForDeploymentPostprocessing = 0;
		};
/* End PBXFrameworksBuildPhase section */

/* Begin PBXGroup section */
		1A1463D6194395C900614B7C /* Utils */ = {
			isa = PBXGroup;
			children = (
				1A1463D71943960800614B7C /* AHUtils.h */,
				1A1463D81943960800614B7C /* AHUtils.m */,
			);
			name = Utils;
			sourceTree = "<group>";
		};
		1A1463DD1943BA9400614B7C /* Cells */ = {
			isa = PBXGroup;
			children = (
				1A1463E31943E1FB00614B7C /* AHCompanyTableViewCell.h */,
				1A1463E41943E1FB00614B7C /* AHCompanyTableViewCell.m */,
			);
			name = Cells;
			sourceTree = "<group>";
		};
		1A1463E61944533700614B7C /* Views */ = {
			isa = PBXGroup;
			children = (
				1A1463E7194453A600614B7C /* AHColoredBorderedView.h */,
				1A1463E8194453A600614B7C /* AHColoredBorderedView.m */,
				1A1463EA194455D200614B7C /* AHColoredPlaceholderTextField.h */,
				1A1463EB194455D200614B7C /* AHColoredPlaceholderTextField.m */,
				1A1463ED1944627400614B7C /* AHBorderedColorButton.h */,
				1A1463EE1944627400614B7C /* AHBorderedColorButton.m */,
			);
			name = Views;
			sourceTree = "<group>";
		};
		1A1463F619447B5100614B7C /* Cells */ = {
			isa = PBXGroup;
			children = (
				1A1463F819447B6400614B7C /* EventInviteCell */,
				1A1463F719447B5500614B7C /* MyEventCell */,
			);
			name = Cells;
			sourceTree = "<group>";
		};
		1A1463F719447B5500614B7C /* MyEventCell */ = {
			isa = PBXGroup;
			children = (
				1A1463FC19447B8600614B7C /* AHMyEventTableViewCell.h */,
				1A1463FD19447B8600614B7C /* AHMyEventTableViewCell.m */,
			);
			name = MyEventCell;
			sourceTree = "<group>";
		};
		1A1463F819447B6400614B7C /* EventInviteCell */ = {
			isa = PBXGroup;
			children = (
				1A1463F919447B7900614B7C /* AHEventInviteTableViewCell.h */,
				1A1463FA19447B7900614B7C /* AHEventInviteTableViewCell.m */,
			);
			name = EventInviteCell;
			sourceTree = "<group>";
		};
		EA8C83E919437261006793C5 = {
			isa = PBXGroup;
			children = (
				EA8C83FB19437261006793C5 /* AngelHack */,
				EA8C841A19437261006793C5 /* AngelHackTests */,
				EA8C83F419437261006793C5 /* Frameworks */,
				EA8C83F319437261006793C5 /* Products */,
			);
			sourceTree = "<group>";
		};
		EA8C83F319437261006793C5 /* Products */ = {
			isa = PBXGroup;
			children = (
				EA8C83F219437261006793C5 /* Mingle.app */,
				EA8C841319437261006793C5 /* MingleTests.xctest */,
			);
			name = Products;
			sourceTree = "<group>";
		};
		EA8C83F419437261006793C5 /* Frameworks */ = {
			isa = PBXGroup;
			children = (
				EA8C843F19437494006793C5 /* AudioToolbox.framework */,
				EA8C843D1943748C006793C5 /* CFNetwork.framework */,
				EA8C843B1943747A006793C5 /* CoreLocation.framework */,
				EA8C843919437470006793C5 /* libz.1.2.5.dylib */,
				EA8C843719437467006793C5 /* MobileCoreServices.framework */,
				EA8C84351943745F006793C5 /* QuartzCore.framework */,
				EA8C843319437457006793C5 /* Security.framework */,
				EA8C843119437450006793C5 /* StoreKit.framework */,
				EA8C842F19437449006793C5 /* SystemConfiguration.framework */,
				EA8C842D19437438006793C5 /* Parse.framework */,
				EA8C83F519437261006793C5 /* Foundation.framework */,
				EA8C83F719437261006793C5 /* CoreGraphics.framework */,
				EA8C83F919437261006793C5 /* UIKit.framework */,
				EA8C841419437261006793C5 /* XCTest.framework */,
			);
			name = Frameworks;
			sourceTree = "<group>";
		};
		EA8C83FB19437261006793C5 /* AngelHack */ = {
			isa = PBXGroup;
			children = (
				1A1463D6194395C900614B7C /* Utils */,
				EA8C842A1943728A006793C5 /* AppDelegate */,
				1A1463E61944533700614B7C /* Views */,
				EA8C842B19437290006793C5 /* Models */,
				EA8C842C19437295006793C5 /* Controllers */,
				EA8C840719437261006793C5 /* Main.storyboard */,
				EA8C840D19437261006793C5 /* Images.xcassets */,
				EA8C83FC19437261006793C5 /* Supporting Files */,
			);
			path = AngelHack;
			sourceTree = "<group>";
		};
		EA8C83FC19437261006793C5 /* Supporting Files */ = {
			isa = PBXGroup;
			children = (
				EA8C83FD19437261006793C5 /* Mingle-Info.plist */,
				EA8C83FE19437261006793C5 /* InfoPlist.strings */,
				EA8C840119437261006793C5 /* main.m */,
				EA8C840319437261006793C5 /* Mingle-Prefix.pch */,
			);
			name = "Supporting Files";
			sourceTree = "<group>";
		};
		EA8C841A19437261006793C5 /* AngelHackTests */ = {
			isa = PBXGroup;
			children = (
				EA8C842019437261006793C5 /* AngelHackTests.m */,
				EA8C841B19437261006793C5 /* Supporting Files */,
			);
			path = AngelHackTests;
			sourceTree = "<group>";
		};
		EA8C841B19437261006793C5 /* Supporting Files */ = {
			isa = PBXGroup;
			children = (
				EA8C841C19437261006793C5 /* MingleTests-Info.plist */,
				EA8C841D19437261006793C5 /* InfoPlist.strings */,
			);
			name = "Supporting Files";
			sourceTree = "<group>";
		};
		EA8C842A1943728A006793C5 /* AppDelegate */ = {
			isa = PBXGroup;
			children = (
				EA8C840419437261006793C5 /* AHAppDelegate.h */,
				EA8C840519437261006793C5 /* AHAppDelegate.m */,
			);
			name = AppDelegate;
			sourceTree = "<group>";
		};
		EA8C842B19437290006793C5 /* Models */ = {
			isa = PBXGroup;
			children = (
				EA8C844119437576006793C5 /* AHModels.h */,
				EA8C844419437592006793C5 /* User */,
				EA8C844919437AAC006793C5 /* Event */,
				EA8C844819437AA1006793C5 /* Company */,
				EA8C844A19437AB3006793C5 /* Post */,
			);
			name = Models;
			sourceTree = "<group>";
		};
		EA8C842C19437295006793C5 /* Controllers */ = {
			isa = PBXGroup;
			children = (
				EA9828C519439B84004510C5 /* Company */,
				EA9828C219439B43004510C5 /* Profile */,
				EA9828C119439B3A004510C5 /* Companies */,
				EA8C845619437C15006793C5 /* Login */,
				EA8C845519437C10006793C5 /* Signup */,
			);
			name = Controllers;
			sourceTree = "<group>";
		};
		EA8C844419437592006793C5 /* User */ = {
			isa = PBXGroup;
			children = (
				EA8C84451943762D006793C5 /* AHUser.h */,
				EA8C84461943762D006793C5 /* AHUser.m */,
			);
			name = User;
			sourceTree = "<group>";
		};
		EA8C844819437AA1006793C5 /* Company */ = {
			isa = PBXGroup;
			children = (
				EAFCCF411943EAC200F34D4F /* AHCompany.h */,
				EAFCCF421943EAC200F34D4F /* AHCompany.m */,
			);
			name = Company;
			sourceTree = "<group>";
		};
		EA8C844919437AAC006793C5 /* Event */ = {
			isa = PBXGroup;
			children = (
				EA8C844B19437AFD006793C5 /* AHEvent.h */,
				EA8C844C19437AFD006793C5 /* AHEvent.m */,
			);
			name = Event;
			sourceTree = "<group>";
		};
		EA8C844A19437AB3006793C5 /* Post */ = {
			isa = PBXGroup;
			children = (
				EA8C845219437B12006793C5 /* AHPost.h */,
				EA8C845319437B12006793C5 /* AHPost.m */,
			);
			name = Post;
			sourceTree = "<group>";
		};
		EA8C845519437C10006793C5 /* Signup */ = {
			isa = PBXGroup;
			children = (
				EA8C845A19437C2F006793C5 /* AHSignupViewController.h */,
				EA8C845B19437C2F006793C5 /* AHSignupViewController.m */,
			);
			name = Signup;
			sourceTree = "<group>";
		};
		EA8C845619437C15006793C5 /* Login */ = {
			isa = PBXGroup;
			children = (
				EA8C845719437C25006793C5 /* AHLoginViewController.h */,
				EA8C845819437C25006793C5 /* AHLoginViewController.m */,
			);
			name = Login;
			sourceTree = "<group>";
		};
		EA9828C119439B3A004510C5 /* Companies */ = {
			isa = PBXGroup;
			children = (
				EA9828C319439B56004510C5 /* MyCompanies */,
				EA9828C419439B62004510C5 /* CreateCompany */,
			);
			name = Companies;
			sourceTree = "<group>";
		};
		EA9828C219439B43004510C5 /* Profile */ = {
			isa = PBXGroup;
			children = (
				EA9828E319439D67004510C5 /* AHProfileViewController.h */,
				EA9828E419439D67004510C5 /* AHProfileViewController.m */,
			);
			name = Profile;
			sourceTree = "<group>";
		};
		EA9828C319439B56004510C5 /* MyCompanies */ = {
			isa = PBXGroup;
			children = (
				1A1463DD1943BA9400614B7C /* Cells */,
				EA9828DC19439D2D004510C5 /* AHMyCompaniesViewController.h */,
				EA9828DD19439D2D004510C5 /* AHMyCompaniesViewController.m */,
			);
			name = MyCompanies;
			sourceTree = "<group>";
		};
		EA9828C419439B62004510C5 /* CreateCompany */ = {
			isa = PBXGroup;
			children = (
				EA9828E019439D55004510C5 /* AHCreateCompanyViewController.h */,
				EA9828E119439D55004510C5 /* AHCreateCompanyViewController.m */,
				EA9829021943C3BC004510C5 /* AHCreateEmailTableViewCell.h */,
				EA9829031943C3BC004510C5 /* AHCreateEmailTableViewCell.m */,
			);
			name = CreateCompany;
			sourceTree = "<group>";
		};
		EA9828C519439B84004510C5 /* Company */ = {
			isa = PBXGroup;
			children = (
				EA9828C919439BC9004510C5 /* HallBadges */,
				EA9828C819439BC0004510C5 /* CoWorkers */,
				EA9828C719439BA1004510C5 /* InviteMember */,
				EA9828C619439B9A004510C5 /* Events */,
			);
			name = Company;
			sourceTree = "<group>";
		};
		EA9828C619439B9A004510C5 /* Events */ = {
			isa = PBXGroup;
			children = (
				EA9828DB19439CDB004510C5 /* Invite */,
				EA9828CC19439BE0004510C5 /* SingleEvent */,
				EA9828CB19439BDA004510C5 /* CreateEvent */,
				EA9828CA19439BCF004510C5 /* MyEvents */,
			);
			name = Events;
			sourceTree = "<group>";
		};
		EA9828C719439BA1004510C5 /* InviteMember */ = {
			isa = PBXGroup;
			children = (
				EA9828E719439D86004510C5 /* AHInviteMemberViewController.h */,
				EA9828E819439D86004510C5 /* AHInviteMemberViewController.m */,
			);
			name = InviteMember;
			sourceTree = "<group>";
		};
		EA9828C819439BC0004510C5 /* CoWorkers */ = {
			isa = PBXGroup;
			children = (
				EA9828DA19439CC7004510C5 /* SingleCoWorker */,
				EA9828D919439CAD004510C5 /* CoWorkersList */,
			);
			name = CoWorkers;
			sourceTree = "<group>";
		};
		EA9828C919439BC9004510C5 /* HallBadges */ = {
			isa = PBXGroup;
			children = (
				EA9828D819439CA0004510C5 /* SingleBadge */,
				EA9828D719439C93004510C5 /* BadgeList */,
			);
			name = HallBadges;
			sourceTree = "<group>";
		};
		EA9828CA19439BCF004510C5 /* MyEvents */ = {
			isa = PBXGroup;
			children = (
				1A1463F619447B5100614B7C /* Cells */,
				EA9828F919439E78004510C5 /* AHMyEventsViewController.h */,
				EA9828FA19439E78004510C5 /* AHMyEventsViewController.m */,
			);
			name = MyEvents;
			sourceTree = "<group>";
		};
		EA9828CB19439BDA004510C5 /* CreateEvent */ = {
			isa = PBXGroup;
			children = (
				EA9828FF19439F2F004510C5 /* AHCreateEventViewController.h */,
				EA98290019439F2F004510C5 /* AHCreateEventViewController.m */,
			);
			name = CreateEvent;
			sourceTree = "<group>";
		};
		EA9828CC19439BE0004510C5 /* SingleEvent */ = {
			isa = PBXGroup;
			children = (
				EA9828FC19439F26004510C5 /* AHSingleEventViewController.h */,
				EA9828FD19439F26004510C5 /* AHSingleEventViewController.m */,
			);
			name = SingleEvent;
			sourceTree = "<group>";
		};
		EA9828D719439C93004510C5 /* BadgeList */ = {
			isa = PBXGroup;
			children = (
				EA9828EA19439DD7004510C5 /* AHBadgeListViewController.h */,
				EA9828EB19439DD7004510C5 /* AHBadgeListViewController.m */,
			);
			name = BadgeList;
			sourceTree = "<group>";
		};
		EA9828D819439CA0004510C5 /* SingleBadge */ = {
			isa = PBXGroup;
			children = (
				EA9828ED19439DE3004510C5 /* AHSingleBadgeViewController.h */,
				EA9828EE19439DE3004510C5 /* AHSingleBadgeViewController.m */,
			);
			name = SingleBadge;
			sourceTree = "<group>";
		};
		EA9828D919439CAD004510C5 /* CoWorkersList */ = {
			isa = PBXGroup;
			children = (
				EA9828F019439DF5004510C5 /* AHCoWorkersListViewController.h */,
				EA9828F119439DF5004510C5 /* AHCoWorkersListViewController.m */,
			);
			name = CoWorkersList;
			sourceTree = "<group>";
		};
		EA9828DA19439CC7004510C5 /* SingleCoWorker */ = {
			isa = PBXGroup;
			children = (
				EA9828F319439E09004510C5 /* AHSingleCoWorkerViewController.h */,
				EA9828F419439E09004510C5 /* AHSingleCoWorkerViewController.m */,
			);
			name = SingleCoWorker;
			sourceTree = "<group>";
		};
		EA9828DB19439CDB004510C5 /* Invite */ = {
			isa = PBXGroup;
			children = (
				EA9828F619439E47004510C5 /* AHEventInviteViewController.h */,
				EA9828F719439E47004510C5 /* AHEventInviteViewController.m */,
			);
			name = Invite;
			sourceTree = "<group>";
		};
/* End PBXGroup section */

/* Begin PBXNativeTarget section */
		EA8C83F119437261006793C5 /* Mingle */ = {
			isa = PBXNativeTarget;
			buildConfigurationList = EA8C842419437261006793C5 /* Build configuration list for PBXNativeTarget "Mingle" */;
			buildPhases = (
				EA8C83EE19437261006793C5 /* Sources */,
				EA8C83EF19437261006793C5 /* Frameworks */,
				EA8C83F019437261006793C5 /* Resources */,
			);
			buildRules = (
			);
			dependencies = (
			);
			name = Mingle;
			productName = AngelHack;
			productReference = EA8C83F219437261006793C5 /* Mingle.app */;
			productType = "com.apple.product-type.application";
		};
		EA8C841219437261006793C5 /* MingleTests */ = {
			isa = PBXNativeTarget;
			buildConfigurationList = EA8C842719437261006793C5 /* Build configuration list for PBXNativeTarget "MingleTests" */;
			buildPhases = (
				EA8C840F19437261006793C5 /* Sources */,
				EA8C841019437261006793C5 /* Frameworks */,
				EA8C841119437261006793C5 /* Resources */,
			);
			buildRules = (
			);
			dependencies = (
				EA8C841919437261006793C5 /* PBXTargetDependency */,
			);
			name = MingleTests;
			productName = AngelHackTests;
			productReference = EA8C841319437261006793C5 /* MingleTests.xctest */;
			productType = "com.apple.product-type.bundle.unit-test";
		};
/* End PBXNativeTarget section */

/* Begin PBXProject section */
		EA8C83EA19437261006793C5 /* Project object */ = {
			isa = PBXProject;
			attributes = {
				CLASSPREFIX = AH;
				LastUpgradeCheck = 0510;
				ORGANIZATIONNAME = devnup;
				TargetAttributes = {
					EA8C83F119437261006793C5 = {
						SystemCapabilities = {
							com.apple.BackgroundModes = {
								enabled = 1;
							};
						};
					};
					EA8C841219437261006793C5 = {
						TestTargetID = EA8C83F119437261006793C5;
					};
				};
			};
			buildConfigurationList = EA8C83ED19437261006793C5 /* Build configuration list for PBXProject "Mingle" */;
			compatibilityVersion = "Xcode 3.2";
			developmentRegion = English;
			hasScannedForEncodings = 0;
			knownRegions = (
				en,
				Base,
			);
			mainGroup = EA8C83E919437261006793C5;
			productRefGroup = EA8C83F319437261006793C5 /* Products */;
			projectDirPath = "";
			projectRoot = "";
			targets = (
				EA8C83F119437261006793C5 /* Mingle */,
				EA8C841219437261006793C5 /* MingleTests */,
			);
		};
/* End PBXProject section */

/* Begin PBXResourcesBuildPhase section */
		EA8C83F019437261006793C5 /* Resources */ = {
			isa = PBXResourcesBuildPhase;
			buildActionMask = 2147483647;
			files = (
				EA8C840E19437261006793C5 /* Images.xcassets in Resources */,
				EA8C840019437261006793C5 /* InfoPlist.strings in Resources */,
				EA8C840919437261006793C5 /* Main.storyboard in Resources */,
			);
			runOnlyForDeploymentPostprocessing = 0;
		};
		EA8C841119437261006793C5 /* Resources */ = {
			isa = PBXResourcesBuildPhase;
			buildActionMask = 2147483647;
			files = (
				EA8C841F19437261006793C5 /* InfoPlist.strings in Resources */,
			);
			runOnlyForDeploymentPostprocessing = 0;
		};
/* End PBXResourcesBuildPhase section */

/* Begin PBXSourcesBuildPhase section */
		EA8C83EE19437261006793C5 /* Sources */ = {
			isa = PBXSourcesBuildPhase;
			buildActionMask = 2147483647;
			files = (
				EA8C840219437261006793C5 /* main.m in Sources */,
				EA9828FB19439E78004510C5 /* AHMyEventsViewController.m in Sources */,
				EA9828F819439E47004510C5 /* AHEventInviteViewController.m in Sources */,
				1A1463FB19447B7900614B7C /* AHEventInviteTableViewCell.m in Sources */,
				EA8C844D19437AFD006793C5 /* AHEvent.m in Sources */,
				EA9828FE19439F26004510C5 /* AHSingleEventViewController.m in Sources */,
				EA9828E219439D55004510C5 /* AHCreateCompanyViewController.m in Sources */,
				1A1463FE19447B8600614B7C /* AHMyEventTableViewCell.m in Sources */,
				EAFCCF431943EAC200F34D4F /* AHCompany.m in Sources */,
				EA9828EF19439DE3004510C5 /* AHSingleBadgeViewController.m in Sources */,
				EA8C840619437261006793C5 /* AHAppDelegate.m in Sources */,
				EA98290119439F2F004510C5 /* AHCreateEventViewController.m in Sources */,
				1A1463EC194455D200614B7C /* AHColoredPlaceholderTextField.m in Sources */,
				1A1463EF1944627400614B7C /* AHBorderedColorButton.m in Sources */,
				EA9828E919439D86004510C5 /* AHInviteMemberViewController.m in Sources */,
				EA9829041943C3BC004510C5 /* AHCreateEmailTableViewCell.m in Sources */,
				EA8C845419437B12006793C5 /* AHPost.m in Sources */,
				EA9828F219439DF5004510C5 /* AHCoWorkersListViewController.m in Sources */,
				EA9828E519439D67004510C5 /* AHProfileViewController.m in Sources */,
				EA8C84471943762D006793C5 /* AHUser.m in Sources */,
				EA9828DE19439D2D004510C5 /* AHMyCompaniesViewController.m in Sources */,
				EA9828EC19439DD7004510C5 /* AHBadgeListViewController.m in Sources */,
				1A1463E51943E1FB00614B7C /* AHCompanyTableViewCell.m in Sources */,
				EA8C845919437C25006793C5 /* AHLoginViewController.m in Sources */,
				EA9828F519439E09004510C5 /* AHSingleCoWorkerViewController.m in Sources */,
				1A1463D91943960800614B7C /* AHUtils.m in Sources */,
				1A1463E9194453A600614B7C /* AHColoredBorderedView.m in Sources */,
				EA8C845C19437C2F006793C5 /* AHSignupViewController.m in Sources */,
			);
			runOnlyForDeploymentPostprocessing = 0;
		};
		EA8C840F19437261006793C5 /* Sources */ = {
			isa = PBXSourcesBuildPhase;
			buildActionMask = 2147483647;
			files = (
				EA8C842119437261006793C5 /* AngelHackTests.m in Sources */,
			);
			runOnlyForDeploymentPostprocessing = 0;
		};
/* End PBXSourcesBuildPhase section */

/* Begin PBXTargetDependency section */
		EA8C841919437261006793C5 /* PBXTargetDependency */ = {
			isa = PBXTargetDependency;
			target = EA8C83F119437261006793C5 /* Mingle */;
			targetProxy = EA8C841819437261006793C5 /* PBXContainerItemProxy */;
		};
/* End PBXTargetDependency section */

/* Begin PBXVariantGroup section */
		EA8C83FE19437261006793C5 /* InfoPlist.strings */ = {
			isa = PBXVariantGroup;
			children = (
				EA8C83FF19437261006793C5 /* en */,
			);
			name = InfoPlist.strings;
			sourceTree = "<group>";
		};
		EA8C840719437261006793C5 /* Main.storyboard */ = {
			isa = PBXVariantGroup;
			children = (
				EA8C840819437261006793C5 /* Base */,
			);
			name = Main.storyboard;
			sourceTree = "<group>";
		};
		EA8C841D19437261006793C5 /* InfoPlist.strings */ = {
			isa = PBXVariantGroup;
			children = (
				EA8C841E19437261006793C5 /* en */,
			);
			name = InfoPlist.strings;
			sourceTree = "<group>";
		};
/* End PBXVariantGroup section */

/* Begin XCBuildConfiguration section */
		EA8C842219437261006793C5 /* Debug */ = {
			isa = XCBuildConfiguration;
			buildSettings = {
				ALWAYS_SEARCH_USER_PATHS = NO;
				CLANG_CXX_LANGUAGE_STANDARD = "gnu++0x";
				CLANG_CXX_LIBRARY = "libc++";
				CLANG_ENABLE_MODULES = YES;
				CLANG_ENABLE_OBJC_ARC = YES;
				CLANG_WARN_BOOL_CONVERSION = YES;
				CLANG_WARN_CONSTANT_CONVERSION = YES;
				CLANG_WARN_DIRECT_OBJC_ISA_USAGE = YES_ERROR;
				CLANG_WARN_EMPTY_BODY = YES;
				CLANG_WARN_ENUM_CONVERSION = YES;
				CLANG_WARN_INT_CONVERSION = YES;
				CLANG_WARN_OBJC_ROOT_CLASS = YES_ERROR;
				CLANG_WARN__DUPLICATE_METHOD_MATCH = YES;
				"CODE_SIGN_IDENTITY[sdk=iphoneos*]" = "iPhone Developer";
				COPY_PHASE_STRIP = NO;
				GCC_C_LANGUAGE_STANDARD = gnu99;
				GCC_DYNAMIC_NO_PIC = NO;
				GCC_OPTIMIZATION_LEVEL = 0;
				GCC_PREPROCESSOR_DEFINITIONS = (
					"DEBUG=1",
					"$(inherited)",
				);
				GCC_SYMBOLS_PRIVATE_EXTERN = NO;
				GCC_WARN_64_TO_32_BIT_CONVERSION = YES;
				GCC_WARN_ABOUT_RETURN_TYPE = YES_ERROR;
				GCC_WARN_UNDECLARED_SELECTOR = YES;
				GCC_WARN_UNINITIALIZED_AUTOS = YES_AGGRESSIVE;
				GCC_WARN_UNUSED_FUNCTION = YES;
				GCC_WARN_UNUSED_VARIABLE = YES;
				IPHONEOS_DEPLOYMENT_TARGET = 7.1;
				ONLY_ACTIVE_ARCH = YES;
				PROVISIONING_PROFILE = "98942FEC-F898-4047-B333-A3098F042818";
				SDKROOT = iphoneos;
			};
			name = Debug;
		};
		EA8C842319437261006793C5 /* Release */ = {
			isa = XCBuildConfiguration;
			buildSettings = {
				ALWAYS_SEARCH_USER_PATHS = NO;
				CLANG_CXX_LANGUAGE_STANDARD = "gnu++0x";
				CLANG_CXX_LIBRARY = "libc++";
				CLANG_ENABLE_MODULES = YES;
				CLANG_ENABLE_OBJC_ARC = YES;
				CLANG_WARN_BOOL_CONVERSION = YES;
				CLANG_WARN_CONSTANT_CONVERSION = YES;
				CLANG_WARN_DIRECT_OBJC_ISA_USAGE = YES_ERROR;
				CLANG_WARN_EMPTY_BODY = YES;
				CLANG_WARN_ENUM_CONVERSION = YES;
				CLANG_WARN_INT_CONVERSION = YES;
				CLANG_WARN_OBJC_ROOT_CLASS = YES_ERROR;
				CLANG_WARN__DUPLICATE_METHOD_MATCH = YES;
				"CODE_SIGN_IDENTITY[sdk=iphoneos*]" = "iPhone Developer";
				COPY_PHASE_STRIP = YES;
				ENABLE_NS_ASSERTIONS = NO;
				GCC_C_LANGUAGE_STANDARD = gnu99;
				GCC_WARN_64_TO_32_BIT_CONVERSION = YES;
				GCC_WARN_ABOUT_RETURN_TYPE = YES_ERROR;
				GCC_WARN_UNDECLARED_SELECTOR = YES;
				GCC_WARN_UNINITIALIZED_AUTOS = YES_AGGRESSIVE;
				GCC_WARN_UNUSED_FUNCTION = YES;
				GCC_WARN_UNUSED_VARIABLE = YES;
				IPHONEOS_DEPLOYMENT_TARGET = 7.1;
				PROVISIONING_PROFILE = "98942FEC-F898-4047-B333-A3098F042818";
				SDKROOT = iphoneos;
				VALIDATE_PRODUCT = YES;
			};
			name = Release;
		};
		EA8C842519437261006793C5 /* Debug */ = {
			isa = XCBuildConfiguration;
			buildSettings = {
				ASSETCATALOG_COMPILER_APPICON_NAME = AppIcon;
				ASSETCATALOG_COMPILER_LAUNCHIMAGE_NAME = LaunchImage;
				CODE_SIGN_IDENTITY = "iPhone Developer";
				"CODE_SIGN_IDENTITY[sdk=iphoneos*]" = "iPhone Developer";
				FRAMEWORK_SEARCH_PATHS = (
					"$(inherited)",
					"$(PROJECT_DIR)",
				);
				GCC_PRECOMPILE_PREFIX_HEADER = YES;
				GCC_PREFIX_HEADER = "AngelHack/Mingle-Prefix.pch";
				INFOPLIST_FILE = "AngelHack/Mingle-Info.plist";
				IPHONEOS_DEPLOYMENT_TARGET = 7.0;
				PRODUCT_NAME = Mingle;
				PROVISIONING_PROFILE = "";
				WRAPPER_EXTENSION = app;
			};
			name = Debug;
		};
		EA8C842619437261006793C5 /* Release */ = {
			isa = XCBuildConfiguration;
			buildSettings = {
				ASSETCATALOG_COMPILER_APPICON_NAME = AppIcon;
				ASSETCATALOG_COMPILER_LAUNCHIMAGE_NAME = LaunchImage;
				CODE_SIGN_IDENTITY = "iPhone Developer";
				"CODE_SIGN_IDENTITY[sdk=iphoneos*]" = "iPhone Developer";
				FRAMEWORK_SEARCH_PATHS = (
					"$(inherited)",
					"$(PROJECT_DIR)",
				);
				GCC_PRECOMPILE_PREFIX_HEADER = YES;
				GCC_PREFIX_HEADER = "AngelHack/Mingle-Prefix.pch";
				INFOPLIST_FILE = "AngelHack/Mingle-Info.plist";
				IPHONEOS_DEPLOYMENT_TARGET = 7.0;
				PRODUCT_NAME = Mingle;
				PROVISIONING_PROFILE = "";
				WRAPPER_EXTENSION = app;
			};
			name = Release;
		};
		EA8C842819437261006793C5 /* Debug */ = {
			isa = XCBuildConfiguration;
			buildSettings = {
				BUNDLE_LOADER = "$(BUILT_PRODUCTS_DIR)/AngelHack.app/AngelHack";
				FRAMEWORK_SEARCH_PATHS = (
					"$(SDKROOT)/Developer/Library/Frameworks",
					"$(inherited)",
					"$(DEVELOPER_FRAMEWORKS_DIR)",
				);
				GCC_PRECOMPILE_PREFIX_HEADER = YES;
				GCC_PREFIX_HEADER = "AngelHack/AngelHack-Prefix.pch";
				GCC_PREPROCESSOR_DEFINITIONS = (
					"DEBUG=1",
					"$(inherited)",
				);
				INFOPLIST_FILE = "AngelHackTests/MingleTests-Info.plist";
				PRODUCT_NAME = MingleTests;
				TEST_HOST = "$(BUNDLE_LOADER)";
				WRAPPER_EXTENSION = xctest;
			};
			name = Debug;
		};
		EA8C842919437261006793C5 /* Release */ = {
			isa = XCBuildConfiguration;
			buildSettings = {
				BUNDLE_LOADER = "$(BUILT_PRODUCTS_DIR)/AngelHack.app/AngelHack";
				FRAMEWORK_SEARCH_PATHS = (
					"$(SDKROOT)/Developer/Library/Frameworks",
					"$(inherited)",
					"$(DEVELOPER_FRAMEWORKS_DIR)",
				);
				GCC_PRECOMPILE_PREFIX_HEADER = YES;
				GCC_PREFIX_HEADER = "AngelHack/AngelHack-Prefix.pch";
				INFOPLIST_FILE = "AngelHackTests/MingleTests-Info.plist";
				PRODUCT_NAME = MingleTests;
				TEST_HOST = "$(BUNDLE_LOADER)";
				WRAPPER_EXTENSION = xctest;
			};
			name = Release;
		};
/* End XCBuildConfiguration section */

/* Begin XCConfigurationList section */
		EA8C83ED19437261006793C5 /* Build configuration list for PBXProject "Mingle" */ = {
			isa = XCConfigurationList;
			buildConfigurations = (
				EA8C842219437261006793C5 /* Debug */,
				EA8C842319437261006793C5 /* Release */,
			);
			defaultConfigurationIsVisible = 0;
			defaultConfigurationName = Release;
		};
		EA8C842419437261006793C5 /* Build configuration list for PBXNativeTarget "Mingle" */ = {
			isa = XCConfigurationList;
			buildConfigurations = (
				EA8C842519437261006793C5 /* Debug */,
				EA8C842619437261006793C5 /* Release */,
			);
			defaultConfigurationIsVisible = 0;
			defaultConfigurationName = Release;
		};
		EA8C842719437261006793C5 /* Build configuration list for PBXNativeTarget "MingleTests" */ = {
			isa = XCConfigurationList;
			buildConfigurations = (
				EA8C842819437261006793C5 /* Debug */,
				EA8C842919437261006793C5 /* Release */,
			);
			defaultConfigurationIsVisible = 0;
			defaultConfigurationName = Release;
		};
/* End XCConfigurationList section */
	};
	rootObject = EA8C83EA19437261006793C5 /* Project object */;
}
